
Microsoft Visual Studio Solution File, Format Version 12.00
# Visual Studio Version 16
VisualStudioVersion = 16.0.31205.134
MinimumVisualStudioVersion = 10.0.40219.1
Project("{9A19103F-16F7-4668-BE54-9A1E7A4F7556}") = "ip3country", "ip3country\ip3country.csproj", "{889B44B0-AD9F-4A9C-8000-76D4E640A236}"
EndProject
Project("{FAE04EC0-301F-11D3-BF4B-00C04F79EFBC}") = "ip3Test", "ip3Test\ip3Test.csproj", "{467ACF71-0AF0-4639-8CE5-6EBBD7771FB3}"
EndProject
Global
	GlobalSection(SolutionConfigurationPlatforms) = preSolution
		Debug|Any CPU = Debug|Any CPU
		Release|Any CPU = Release|Any CPU
	EndGlobalSection
	GlobalSection(ProjectConfigurationPlatforms) = postSolution
		{889B44B0-AD9F-4A9C-8000-76D4E640A236}.Debug|Any CPU.ActiveCfg = Debug|Any CPU
		{889B44B0-AD9F-4A9C-8000-76D4E640A236}.Debug|Any CPU.Build.0 = Debug|Any CPU
		{889B44B0-AD9F-4A9C-8000-76D4E640A236}.Release|Any CPU.ActiveCfg = Release|Any CPU
		{889B44B0-AD9F-4A9C-8000-76D4E640A236}.Release|Any CPU.Build.0 = Release|Any CPU
		{467ACF71-0AF0-4639-8CE5-6EBBD7771FB3}.Debug|Any CPU.ActiveCfg = Debug|Any CPU
		{467ACF71-0AF0-4639-8CE5-6EBBD7771FB3}.Debug|Any CPU.Build.0 = Debug|Any CPU
		{467ACF71-0AF0-4639-8CE5-6EBBD7771FB3}.Release|Any CPU.ActiveCfg = Release|Any CPU
		{467ACF71-0AF0-4639-8CE5-6EBBD7771FB3}.Release|Any CPU.Build.0 = Release|Any CPU
	EndGlobalSection
	GlobalSection(SolutionProperties) = preSolution
		HideSolutionNode = FALSE
	EndGlobalSection
	GlobalSection(ExtensibilityGlobals) = postSolution
		SolutionGuid = {B455F8D2-B9FA-4F6F-8E81-0E2B47A859F3}
	EndGlobalSection
EndGlobal
